
Microsoft Visual Studio Solution File, Format Version 12.00
# Visual Studio Version 17
VisualStudioVersion = 17.5.002.0
MinimumVisualStudioVersion = 10.0.40219.1
Project("{9A19103F-16F7-4668-BE54-9A1E7A4F7556}") = "tl1-tp6-2024-Santiok", "tl1-tp6-2024-Santiok.csproj", "{8EAFA1B0-7EFD-49C8-98D5-19790D36FC04}"
EndProject
Global
	GlobalSection(SolutionConfigurationPlatforms) = preSolution
		Debug|Any CPU = Debug|Any CPU
		Release|Any CPU = Release|Any CPU
	EndGlobalSection
	GlobalSection(ProjectConfigurationPlatforms) = postSolution
		{8EAFA1B0-7EFD-49C8-98D5-19790D36FC04}.Debug|Any CPU.ActiveCfg = Debug|Any CPU
		{8EAFA1B0-7EFD-49C8-98D5-19790D36FC04}.Debug|Any CPU.Build.0 = Debug|Any CPU
		{8EAFA1B0-7EFD-49C8-98D5-19790D36FC04}.Release|Any CPU.ActiveCfg = Release|Any CPU
		{8EAFA1B0-7EFD-49C8-98D5-19790D36FC04}.Release|Any CPU.Build.0 = Release|Any CPU
	EndGlobalSection
	GlobalSection(SolutionProperties) = preSolution
		HideSolutionNode = FALSE
	EndGlobalSection
	GlobalSection(ExtensibilityGlobals) = postSolution
		SolutionGuid = {F42FA1E9-86F0-4979-9D37-0948BFBB8204}
	EndGlobalSection
EndGlobal
